
Microsoft Visual Studio Solution File, Format Version 12.00
# Visual Studio Version 17
VisualStudioVersion = 17.13.35931.197 d17.13
MinimumVisualStudioVersion = 10.0.40219.1
Project("{FAE04EC0-301F-11D3-BF4B-00C04F79EFBC}") = "Capitalis", "Capitalis.csproj", "{0FFA4E01-129E-4C66-98BA-C627ED9ED254}"
EndProject
Global
	GlobalSection(SolutionConfigurationPlatforms) = preSolution
		Debug|Any CPU = Debug|Any CPU
		Release|Any CPU = Release|Any CPU
	EndGlobalSection
	GlobalSection(ProjectConfigurationPlatforms) = postSolution
		{0FFA4E01-129E-4C66-98BA-C627ED9ED254}.Debug|Any CPU.ActiveCfg = Debug|Any CPU
		{0FFA4E01-129E-4C66-98BA-C627ED9ED254}.Debug|Any CPU.Build.0 = Debug|Any CPU
		{0FFA4E01-129E-4C66-98BA-C627ED9ED254}.Release|Any CPU.ActiveCfg = Release|Any CPU
		{0FFA4E01-129E-4C66-98BA-C627ED9ED254}.Release|Any CPU.Build.0 = Release|Any CPU
	EndGlobalSection
	GlobalSection(SolutionProperties) = preSolution
		HideSolutionNode = FALSE
	EndGlobalSection
	GlobalSection(ExtensibilityGlobals) = postSolution
		SolutionGuid = {DC1DCB3C-7BA0-433E-9D25-4650F650BD04}
	EndGlobalSection
EndGlobal
